// !$*UTF8*$!
{
	archiveVersion = 1;
	classes = {
	};
	objectVersion = 56;
	objects = {

/* Begin PBXBuildFile section */
		405D2208291270010019B07B /* AppDelegate.swift in Sources */ = {isa = PBXBuildFile; fileRef = 405D2207291270010019B07B /* AppDelegate.swift */; };
		405D220A291270010019B07B /* SceneDelegate.swift in Sources */ = {isa = PBXBuildFile; fileRef = 405D2209291270010019B07B /* SceneDelegate.swift */; };
		405D220C291270010019B07B /* ViewController.swift in Sources */ = {isa = PBXBuildFile; fileRef = 405D220B291270010019B07B /* ViewController.swift */; };
		405D220F291270010019B07B /* Main.storyboard in Resources */ = {isa = PBXBuildFile; fileRef = 405D220D291270010019B07B /* Main.storyboard */; };
		405D2211291270040019B07B /* Assets.xcassets in Resources */ = {isa = PBXBuildFile; fileRef = 405D2210291270040019B07B /* Assets.xcassets */; };
		405D2214291270040019B07B /* LaunchScreen.storyboard in Resources */ = {isa = PBXBuildFile; fileRef = 405D2212291270040019B07B /* LaunchScreen.storyboard */; };
		405D221F291270040019B07B /* tution_finderTests.swift in Sources */ = {isa = PBXBuildFile; fileRef = 405D221E291270040019B07B /* tution_finderTests.swift */; };
		405D2229291270040019B07B /* tution_finderUITests.swift in Sources */ = {isa = PBXBuildFile; fileRef = 405D2228291270040019B07B /* tution_finderUITests.swift */; };
		405D222B291270040019B07B /* tution_finderUITestsLaunchTests.swift in Sources */ = {isa = PBXBuildFile; fileRef = 405D222A291270040019B07B /* tution_finderUITestsLaunchTests.swift */; };
		405D2238291270340019B07B /* back_test.png in Resources */ = {isa = PBXBuildFile; fileRef = 405D2237291270340019B07B /* back_test.png */; };
/* End PBXBuildFile section */

/* Begin PBXContainerItemProxy section */
		405D221B291270040019B07B /* PBXContainerItemProxy */ = {
			isa = PBXContainerItemProxy;
			containerPortal = 405D21FC291270000019B07B /* Project object */;
			proxyType = 1;
			remoteGlobalIDString = 405D2203291270010019B07B;
			remoteInfo = tution_finder;
		};
		405D2225291270040019B07B /* PBXContainerItemProxy */ = {
			isa = PBXContainerItemProxy;
			containerPortal = 405D21FC291270000019B07B /* Project object */;
			proxyType = 1;
			remoteGlobalIDString = 405D2203291270010019B07B;
			remoteInfo = tution_finder;
		};
/* End PBXContainerItemProxy section */

/* Begin PBXFileReference section */
		405D2204291270010019B07B /* tution_finder.app */ = {isa = PBXFileReference; explicitFileType = wrapper.application; includeInIndex = 0; path = tution_finder.app; sourceTree = BUILT_PRODUCTS_DIR; };
		405D2207291270010019B07B /* AppDelegate.swift */ = {isa = PBXFileReference; lastKnownFileType = sourcecode.swift; path = AppDelegate.swift; sourceTree = "<group>"; };
		405D2209291270010019B07B /* SceneDelegate.swift */ = {isa = PBXFileReference; lastKnownFileType = sourcecode.swift; path = SceneDelegate.swift; sourceTree = "<group>"; };
		405D220B291270010019B07B /* ViewController.swift */ = {isa = PBXFileReference; lastKnownFileType = sourcecode.swift; path = ViewController.swift; sourceTree = "<group>"; };
		405D220E291270010019B07B /* Base */ = {isa = PBXFileReference; lastKnownFileType = file.storyboard; name = Base; path = Base.lproj/Main.storyboard; sourceTree = "<group>"; };
		405D2210291270040019B07B /* Assets.xcassets */ = {isa = PBXFileReference; lastKnownFileType = folder.assetcatalog; path = Assets.xcassets; sourceTree = "<group>"; };
		405D2213291270040019B07B /* Base */ = {isa = PBXFileReference; lastKnownFileType = file.storyboard; name = Base; path = Base.lproj/LaunchScreen.storyboard; sourceTree = "<group>"; };
		405D2215291270040019B07B /* Info.plist */ = {isa = PBXFileReference; lastKnownFileType = text.plist.xml; path = Info.plist; sourceTree = "<group>"; };
		405D221A291270040019B07B /* tution_finderTests.xctest */ = {isa = PBXFileReference; explicitFileType = wrapper.cfbundle; includeInIndex = 0; path = tution_finderTests.xctest; sourceTree = BUILT_PRODUCTS_DIR; };
		405D221E291270040019B07B /* tution_finderTests.swift */ = {isa = PBXFileReference; lastKnownFileType = sourcecode.swift; path = tution_finderTests.swift; sourceTree = "<group>"; };
		405D2224291270040019B07B /* tution_finderUITests.xctest */ = {isa = PBXFileReference; explicitFileType = wrapper.cfbundle; includeInIndex = 0; path = tution_finderUITests.xctest; sourceTree = BUILT_PRODUCTS_DIR; };
		405D2228291270040019B07B /* tution_finderUITests.swift */ = {isa = PBXFileReference; lastKnownFileType = sourcecode.swift; path = tution_finderUITests.swift; sourceTree = "<group>"; };
		405D222A291270040019B07B /* tution_finderUITestsLaunchTests.swift */ = {isa = PBXFileReference; lastKnownFileType = sourcecode.swift; path = tution_finderUITestsLaunchTests.swift; sourceTree = "<group>"; };
		405D2237291270340019B07B /* back_test.png */ = {isa = PBXFileReference; lastKnownFileType = image.png; path = back_test.png; sourceTree = "<group>"; };
/* End PBXFileReference section */

/* Begin PBXFrameworksBuildPhase section */
		405D2201291270010019B07B /* Frameworks */ = {
			isa = PBXFrameworksBuildPhase;
			buildActionMask = 2147483647;
			files = (
			);
			runOnlyForDeploymentPostprocessing = 0;
		};
		405D2217291270040019B07B /* Frameworks */ = {
			isa = PBXFrameworksBuildPhase;
			buildActionMask = 2147483647;
			files = (
			);
			runOnlyForDeploymentPostprocessing = 0;
		};
		405D2221291270040019B07B /* Frameworks */ = {
			isa = PBXFrameworksBuildPhase;
			buildActionMask = 2147483647;
			files = (
			);
			runOnlyForDeploymentPostprocessing = 0;
		};
/* End PBXFrameworksBuildPhase section */

/* Begin PBXGroup section */
		405D21FB291270000019B07B = {
			isa = PBXGroup;
			children = (
				405D2206291270010019B07B /* tution_finder */,
				405D221D291270040019B07B /* tution_finderTests */,
				405D2227291270040019B07B /* tution_finderUITests */,
				405D2205291270010019B07B /* Products */,
			);
			sourceTree = "<group>";
		};
		405D2205291270010019B07B /* Products */ = {
			isa = PBXGroup;
			children = (
				405D2204291270010019B07B /* tution_finder.app */,
				405D221A291270040019B07B /* tution_finderTests.xctest */,
				405D2224291270040019B07B /* tution_finderUITests.xctest */,
			);
			name = Products;
			sourceTree = "<group>";
		};
		405D2206291270010019B07B /* tution_finder */ = {
			isa = PBXGroup;
			children = (
				405D2207291270010019B07B /* AppDelegate.swift */,
				405D2209291270010019B07B /* SceneDelegate.swift */,
				405D220B291270010019B07B /* ViewController.swift */,
				405D220D291270010019B07B /* Main.storyboard */,
				405D2237291270340019B07B /* back_test.png */,
				405D2210291270040019B07B /* Assets.xcassets */,
				405D2212291270040019B07B /* LaunchScreen.storyboard */,
				405D2215291270040019B07B /* Info.plist */,
			);
			path = tution_finder;
			sourceTree = "<group>";
		};
		405D221D291270040019B07B /* tution_finderTests */ = {
			isa = PBXGroup;
			children = (
				405D221E291270040019B07B /* tution_finderTests.swift */,
			);
			path = tution_finderTests;
			sourceTree = "<group>";
		};
		405D2227291270040019B07B /* tution_finderUITests */ = {
			isa = PBXGroup;
			children = (
				405D2228291270040019B07B /* tution_finderUITests.swift */,
				405D222A291270040019B07B /* tution_finderUITestsLaunchTests.swift */,
			);
			path = tution_finderUITests;
			sourceTree = "<group>";
		};
/* End PBXGroup section */

/* Begin PBXNativeTarget section */
		405D2203291270010019B07B /* tution_finder */ = {
			isa = PBXNativeTarget;
			buildConfigurationList = 405D222E291270040019B07B /* Build configuration list for PBXNativeTarget "tution_finder" */;
			buildPhases = (
				405D2200291270010019B07B /* Sources */,
				405D2201291270010019B07B /* Frameworks */,
				405D2202291270010019B07B /* Resources */,
			);
			buildRules = (
			);
			dependencies = (
			);
			name = tution_finder;
			productName = tution_finder;
			productReference = 405D2204291270010019B07B /* tution_finder.app */;
			productType = "com.apple.product-type.application";
		};
		405D2219291270040019B07B /* tution_finderTests */ = {
			isa = PBXNativeTarget;
			buildConfigurationList = 405D2231291270040019B07B /* Build configuration list for PBXNativeTarget "tution_finderTests" */;
			buildPhases = (
				405D2216291270040019B07B /* Sources */,
				405D2217291270040019B07B /* Frameworks */,
				405D2218291270040019B07B /* Resources */,
			);
			buildRules = (
			);
			dependencies = (
				405D221C291270040019B07B /* PBXTargetDependency */,
			);
			name = tution_finderTests;
			productName = tution_finderTests;
			productReference = 405D221A291270040019B07B /* tution_finderTests.xctest */;
			productType = "com.apple.product-type.bundle.unit-test";
		};
		405D2223291270040019B07B /* tution_finderUITests */ = {
			isa = PBXNativeTarget;
			buildConfigurationList = 405D2234291270040019B07B /* Build configuration list for PBXNativeTarget "tution_finderUITests" */;
			buildPhases = (
				405D2220291270040019B07B /* Sources */,
				405D2221291270040019B07B /* Frameworks */,
				405D2222291270040019B07B /* Resources */,
			);
			buildRules = (
			);
			dependencies = (
				405D2226291270040019B07B /* PBXTargetDependency */,
			);
			name = tution_finderUITests;
			productName = tution_finderUITests;
			productReference = 405D2224291270040019B07B /* tution_finderUITests.xctest */;
			productType = "com.apple.product-type.bundle.ui-testing";
		};
/* End PBXNativeTarget section */

/* Begin PBXProject section */
		405D21FC291270000019B07B /* Project object */ = {
			isa = PBXProject;
			attributes = {
				BuildIndependentTargetsInParallel = 1;
				LastSwiftUpdateCheck = 1400;
				LastUpgradeCheck = 1400;
				TargetAttributes = {
					405D2203291270010019B07B = {
						CreatedOnToolsVersion = 14.0.1;
					};
					405D2219291270040019B07B = {
						CreatedOnToolsVersion = 14.0.1;
						TestTargetID = 405D2203291270010019B07B;
					};
					405D2223291270040019B07B = {
						CreatedOnToolsVersion = 14.0.1;
						TestTargetID = 405D2203291270010019B07B;
					};
				};
			};
			buildConfigurationList = 405D21FF291270000019B07B /* Build configuration list for PBXProject "tution_finder" */;
			compatibilityVersion = "Xcode 14.0";
			developmentRegion = en;
			hasScannedForEncodings = 0;
			knownRegions = (
				en,
				Base,
			);
			mainGroup = 405D21FB291270000019B07B;
			productRefGroup = 405D2205291270010019B07B /* Products */;
			projectDirPath = "";
			projectRoot = "";
			targets = (
				405D2203291270010019B07B /* tution_finder */,
				405D2219291270040019B07B /* tution_finderTests */,
				405D2223291270040019B07B /* tution_finderUITests */,
			);
		};
/* End PBXProject section */

/* Begin PBXResourcesBuildPhase section */
		405D2202291270010019B07B /* Resources */ = {
			isa = PBXResourcesBuildPhase;
			buildActionMask = 2147483647;
			files = (
				405D2238291270340019B07B /* back_test.png in Resources */,
				405D2214291270040019B07B /* LaunchScreen.storyboard in Resources */,
				405D2211291270040019B07B /* Assets.xcassets in Resources */,
				405D220F291270010019B07B /* Main.storyboard in Resources */,
			);
			runOnlyForDeploymentPostprocessing = 0;
		};
		405D2218291270040019B07B /* Resources */ = {
			isa = PBXResourcesBuildPhase;
			buildActionMask = 2147483647;
			files = (
			);
			runOnlyForDeploymentPostprocessing = 0;
		};
		405D2222291270040019B07B /* Resources */ = {
			isa = PBXResourcesBuildPhase;
			buildActionMask = 2147483647;
			files = (
			);
			runOnlyForDeploymentPostprocessing = 0;
		};
/* End PBXResourcesBuildPhase section */

/* Begin PBXSourcesBuildPhase section */
		405D2200291270010019B07B /* Sources */ = {
			isa = PBXSourcesBuildPhase;
			buildActionMask = 2147483647;
			files = (
				405D220C291270010019B07B /* ViewController.swift in Sources */,
				405D2208291270010019B07B /* AppDelegate.swift in Sources */,
				405D220A291270010019B07B /* SceneDelegate.swift in Sources */,
			);
			runOnlyForDeploymentPostprocessing = 0;
		};
		405D2216291270040019B07B /* Sources */ = {
			isa = PBXSourcesBuildPhase;
			buildActionMask = 2147483647;
			files = (
				405D221F291270040019B07B /* tution_finderTests.swift in Sources */,
			);
			runOnlyForDeploymentPostprocessing = 0;
		};
		405D2220291270040019B07B /* Sources */ = {
			isa = PBXSourcesBuildPhase;
			buildActionMask = 2147483647;
			files = (
				405D2229291270040019B07B /* tution_finderUITests.swift in Sources */,
				405D222B291270040019B07B /* tution_finderUITestsLaunchTests.swift in Sources */,
			);
			runOnlyForDeploymentPostprocessing = 0;
		};
/* End PBXSourcesBuildPhase section */

/* Begin PBXTargetDependency section */
		405D221C291270040019B07B /* PBXTargetDependency */ = {
			isa = PBXTargetDependency;
			target = 405D2203291270010019B07B /* tution_finder */;
			targetProxy = 405D221B291270040019B07B /* PBXContainerItemProxy */;
		};
		405D2226291270040019B07B /* PBXTargetDependency */ = {
			isa = PBXTargetDependency;
			target = 405D2203291270010019B07B /* tution_finder */;
			targetProxy = 405D2225291270040019B07B /* PBXContainerItemProxy */;
		};
/* End PBXTargetDependency section */

/* Begin PBXVariantGroup section */
		405D220D291270010019B07B /* Main.storyboard */ = {
			isa = PBXVariantGroup;
			children = (
				405D220E291270010019B07B /* Base */,
			);
			name = Main.storyboard;
			sourceTree = "<group>";
		};
		405D2212291270040019B07B /* LaunchScreen.storyboard */ = {
			isa = PBXVariantGroup;
			children = (
				405D2213291270040019B07B /* Base */,
			);
			name = LaunchScreen.storyboard;
			sourceTree = "<group>";
		};
/* End PBXVariantGroup section */

/* Begin XCBuildConfiguration section */
		405D222C291270040019B07B /* Debug */ = {
			isa = XCBuildConfiguration;
			buildSettings = {
				ALWAYS_SEARCH_USER_PATHS = NO;
				CLANG_ANALYZER_NONNULL = YES;
				CLANG_ANALYZER_NUMBER_OBJECT_CONVERSION = YES_AGGRESSIVE;
				CLANG_CXX_LANGUAGE_STANDARD = "gnu++20";
				CLANG_ENABLE_MODULES = YES;
				CLANG_ENABLE_OBJC_ARC = YES;
				CLANG_ENABLE_OBJC_WEAK = YES;
				CLANG_WARN_BLOCK_CAPTURE_AUTORELEASING = YES;
				CLANG_WARN_BOOL_CONVERSION = YES;
				CLANG_WARN_COMMA = YES;
				CLANG_WARN_CONSTANT_CONVERSION = YES;
				CLANG_WARN_DEPRECATED_OBJC_IMPLEMENTATIONS = YES;
				CLANG_WARN_DIRECT_OBJC_ISA_USAGE = YES_ERROR;
				CLANG_WARN_DOCUMENTATION_COMMENTS = YES;
				CLANG_WARN_EMPTY_BODY = YES;
				CLANG_WARN_ENUM_CONVERSION = YES;
				CLANG_WARN_INFINITE_RECURSION = YES;
				CLANG_WARN_INT_CONVERSION = YES;
				CLANG_WARN_NON_LITERAL_NULL_CONVERSION = YES;
				CLANG_WARN_OBJC_IMPLICIT_RETAIN_SELF = YES;
				CLANG_WARN_OBJC_LITERAL_CONVERSION = YES;
				CLANG_WARN_OBJC_ROOT_CLASS = YES_ERROR;
				CLANG_WARN_QUOTED_INCLUDE_IN_FRAMEWORK_HEADER = YES;
				CLANG_WARN_RANGE_LOOP_ANALYSIS = YES;
				CLANG_WARN_STRICT_PROTOTYPES = YES;
				CLANG_WARN_SUSPICIOUS_MOVE = YES;
				CLANG_WARN_UNGUARDED_AVAILABILITY = YES_AGGRESSIVE;
				CLANG_WARN_UNREACHABLE_CODE = YES;
				CLANG_WARN__DUPLICATE_METHOD_MATCH = YES;
				COPY_PHASE_STRIP = NO;
				DEBUG_INFORMATION_FORMAT = dwarf;
				ENABLE_STRICT_OBJC_MSGSEND = YES;
				ENABLE_TESTABILITY = YES;
				GCC_C_LANGUAGE_STANDARD = gnu11;
				GCC_DYNAMIC_NO_PIC = NO;
				GCC_NO_COMMON_BLOCKS = YES;
				GCC_OPTIMIZATION_LEVEL = 0;
				GCC_PREPROCESSOR_DEFINITIONS = (
					"DEBUG=1",
					"$(inherited)",
				);
				GCC_WARN_64_TO_32_BIT_CONVERSION = YES;
				GCC_WARN_ABOUT_RETURN_TYPE = YES_ERROR;
				GCC_WARN_UNDECLARED_SELECTOR = YES;
				GCC_WARN_UNINITIALIZED_AUTOS = YES_AGGRESSIVE;
				GCC_WARN_UNUSED_FUNCTION = YES;
				GCC_WARN_UNUSED_VARIABLE = YES;
				IPHONEOS_DEPLOYMENT_TARGET = 16.0;
				MTL_ENABLE_DEBUG_INFO = INCLUDE_SOURCE;
				MTL_FAST_MATH = YES;
				ONLY_ACTIVE_ARCH = YES;
				SDKROOT = iphoneos;
				SWIFT_ACTIVE_COMPILATION_CONDITIONS = DEBUG;
				SWIFT_OPTIMIZATION_LEVEL = "-Onone";
			};
			name = Debug;
		};
		405D222D291270040019B07B /* Release */ = {
			isa = XCBuildConfiguration;
			buildSettings = {
				ALWAYS_SEARCH_USER_PATHS = NO;
				CLANG_ANALYZER_NONNULL = YES;
				CLANG_ANALYZER_NUMBER_OBJECT_CONVERSION = YES_AGGRESSIVE;
				CLANG_CXX_LANGUAGE_STANDARD = "gnu++20";
				CLANG_ENABLE_MODULES = YES;
				CLANG_ENABLE_OBJC_ARC = YES;
				CLANG_ENABLE_OBJC_WEAK = YES;
				CLANG_WARN_BLOCK_CAPTURE_AUTORELEASING = YES;
				CLANG_WARN_BOOL_CONVERSION = YES;
				CLANG_WARN_COMMA = YES;
				CLANG_WARN_CONSTANT_CONVERSION = YES;
				CLANG_WARN_DEPRECATED_OBJC_IMPLEMENTATIONS = YES;
				CLANG_WARN_DIRECT_OBJC_ISA_USAGE = YES_ERROR;
				CLANG_WARN_DOCUMENTATION_COMMENTS = YES;
				CLANG_WARN_EMPTY_BODY = YES;
				CLANG_WARN_ENUM_CONVERSION = YES;
				CLANG_WARN_INFINITE_RECURSION = YES;
				CLANG_WARN_INT_CONVERSION = YES;
				CLANG_WARN_NON_LITERAL_NULL_CONVERSION = YES;
				CLANG_WARN_OBJC_IMPLICIT_RETAIN_SELF = YES;
				CLANG_WARN_OBJC_LITERAL_CONVERSION = YES;
				CLANG_WARN_OBJC_ROOT_CLASS = YES_ERROR;
				CLANG_WARN_QUOTED_INCLUDE_IN_FRAMEWORK_HEADER = YES;
				CLANG_WARN_RANGE_LOOP_ANALYSIS = YES;
				CLANG_WARN_STRICT_PROTOTYPES = YES;
				CLANG_WARN_SUSPICIOUS_MOVE = YES;
				CLANG_WARN_UNGUARDED_AVAILABILITY = YES_AGGRESSIVE;
				CLANG_WARN_UNREACHABLE_CODE = YES;
				CLANG_WARN__DUPLICATE_METHOD_MATCH = YES;
				COPY_PHASE_STRIP = NO;
				DEBUG_INFORMATION_FORMAT = "dwarf-with-dsym";
				ENABLE_NS_ASSERTIONS = NO;
				ENABLE_STRICT_OBJC_MSGSEND = YES;
				GCC_C_LANGUAGE_STANDARD = gnu11;
				GCC_NO_COMMON_BLOCKS = YES;
				GCC_WARN_64_TO_32_BIT_CONVERSION = YES;
				GCC_WARN_ABOUT_RETURN_TYPE = YES_ERROR;
				GCC_WARN_UNDECLARED_SELECTOR = YES;
				GCC_WARN_UNINITIALIZED_AUTOS = YES_AGGRESSIVE;
				GCC_WARN_UNUSED_FUNCTION = YES;
				GCC_WARN_UNUSED_VARIABLE = YES;
				IPHONEOS_DEPLOYMENT_TARGET = 16.0;
				MTL_ENABLE_DEBUG_INFO = NO;
				MTL_FAST_MATH = YES;
				SDKROOT = iphoneos;
				SWIFT_COMPILATION_MODE = wholemodule;
				SWIFT_OPTIMIZATION_LEVEL = "-O";
				VALIDATE_PRODUCT = YES;
			};
			name = Release;
		};
		405D222F291270040019B07B /* Debug */ = {
			isa = XCBuildConfiguration;
			buildSettings = {
				ASSETCATALOG_COMPILER_APPICON_NAME = AppIcon;
				ASSETCATALOG_COMPILER_GLOBAL_ACCENT_COLOR_NAME = AccentColor;
				CODE_SIGN_STYLE = Automatic;
				CURRENT_PROJECT_VERSION = 1;
				GENERATE_INFOPLIST_FILE = YES;
				INFOPLIST_FILE = tution_finder/Info.plist;
				INFOPLIST_KEY_UIApplicationSupportsIndirectInputEvents = YES;
				INFOPLIST_KEY_UILaunchStoryboardName = LaunchScreen;
				INFOPLIST_KEY_UIMainStoryboardFile = Main;
				INFOPLIST_KEY_UISupportedInterfaceOrientations_iPad = "UIInterfaceOrientationPortrait UIInterfaceOrientationPortraitUpsideDown UIInterfaceOrientationLandscapeLeft UIInterfaceOrientationLandscapeRight";
				INFOPLIST_KEY_UISupportedInterfaceOrientations_iPhone = "UIInterfaceOrientationPortrait UIInterfaceOrientationLandscapeLeft UIInterfaceOrientationLandscapeRight";
				LD_RUNPATH_SEARCH_PATHS = (
					"$(inherited)",
					"@executable_path/Frameworks",
				);
				MARKETING_VERSION = 1.0;
				PRODUCT_BUNDLE_IDENTIFIER = "kuetcse.tution-finder";
				PRODUCT_NAME = "$(TARGET_NAME)";
				SWIFT_EMIT_LOC_STRINGS = YES;
				SWIFT_VERSION = 5.0;
				TARGETED_DEVICE_FAMILY = "1,2";
			};
			name = Debug;
		};
		405D2230291270040019B07B /* Release */ = {
			isa = XCBuildConfiguration;
			buildSettings = {
				ASSETCATALOG_COMPILER_APPICON_NAME = AppIcon;
				ASSETCATALOG_COMPILER_GLOBAL_ACCENT_COLOR_NAME = AccentColor;
				CODE_SIGN_STYLE = Automatic;
				CURRENT_PROJECT_VERSION = 1;
				GENERATE_INFOPLIST_FILE = YES;
				INFOPLIST_FILE = tution_finder/Info.plist;
				INFOPLIST_KEY_UIApplicationSupportsIndirectInputEvents = YES;
				INFOPLIST_KEY_UILaunchStoryboardName = LaunchScreen;
				INFOPLIST_KEY_UIMainStoryboardFile = Main;
				INFOPLIST_KEY_UISupportedInterfaceOrientations_iPad = "UIInterfaceOrientationPortrait UIInterfaceOrientationPortraitUpsideDown UIInterfaceOrientationLandscapeLeft UIInterfaceOrientationLandscapeRight";
				INFOPLIST_KEY_UISupportedInterfaceOrientations_iPhone = "UIInterfaceOrientationPortrait UIInterfaceOrientationLandscapeLeft UIInterfaceOrientationLandscapeRight";
				LD_RUNPATH_SEARCH_PATHS = (
					"$(inherited)",
					"@executable_path/Frameworks",
				);
				MARKETING_VERSION = 1.0;
				PRODUCT_BUNDLE_IDENTIFIER = "kuetcse.tution-finder";
				PRODUCT_NAME = "$(TARGET_NAME)";
				SWIFT_EMIT_LOC_STRINGS = YES;
				SWIFT_VERSION = 5.0;
				TARGETED_DEVICE_FAMILY = "1,2";
			};
			name = Release;
		};
		405D2232291270040019B07B /* Debug */ = {
			isa = XCBuildConfiguration;
			buildSettings = {
				ALWAYS_EMBED_SWIFT_STANDARD_LIBRARIES = YES;
				BUNDLE_LOADER = "$(TEST_HOST)";
				CODE_SIGN_STYLE = Automatic;
				CURRENT_PROJECT_VERSION = 1;
				GENERATE_INFOPLIST_FILE = YES;
				IPHONEOS_DEPLOYMENT_TARGET = 16.0;
				MARKETING_VERSION = 1.0;
				PRODUCT_BUNDLE_IDENTIFIER = "kuetcse.tution-finderTests";
				PRODUCT_NAME = "$(TARGET_NAME)";
				SWIFT_EMIT_LOC_STRINGS = NO;
				SWIFT_VERSION = 5.0;
				TARGETED_DEVICE_FAMILY = "1,2";
				TEST_HOST = "$(BUILT_PRODUCTS_DIR)/tution_finder.app/$(BUNDLE_EXECUTABLE_FOLDER_PATH)/tution_finder";
			};
			name = Debug;
		};
		405D2233291270040019B07B /* Release */ = {
			isa = XCBuildConfiguration;
			buildSettings = {
				ALWAYS_EMBED_SWIFT_STANDARD_LIBRARIES = YES;
				BUNDLE_LOADER = "$(TEST_HOST)";
				CODE_SIGN_STYLE = Automatic;
				CURRENT_PROJECT_VERSION = 1;
				GENERATE_INFOPLIST_FILE = YES;
				IPHONEOS_DEPLOYMENT_TARGET = 16.0;
				MARKETING_VERSION = 1.0;
				PRODUCT_BUNDLE_IDENTIFIER = "kuetcse.tution-finderTests";
				PRODUCT_NAME = "$(TARGET_NAME)";
				SWIFT_EMIT_LOC_STRINGS = NO;
				SWIFT_VERSION = 5.0;
				TARGETED_DEVICE_FAMILY = "1,2";
				TEST_HOST = "$(BUILT_PRODUCTS_DIR)/tution_finder.app/$(BUNDLE_EXECUTABLE_FOLDER_PATH)/tution_finder";
			};
			name = Release;
		};
		405D2235291270040019B07B /* Debug */ = {
			isa = XCBuildConfiguration;
			buildSettings = {
				ALWAYS_EMBED_SWIFT_STANDARD_LIBRARIES = YES;
				CODE_SIGN_STYLE = Automatic;
				CURRENT_PROJECT_VERSION = 1;
				GENERATE_INFOPLIST_FILE = YES;
				MARKETING_VERSION = 1.0;
				PRODUCT_BUNDLE_IDENTIFIER = "kuetcse.tution-finderUITests";
				PRODUCT_NAME = "$(TARGET_NAME)";
				SWIFT_EMIT_LOC_STRINGS = NO;
				SWIFT_VERSION = 5.0;
				TARGETED_DEVICE_FAMILY = "1,2";
				TEST_TARGET_NAME = tution_finder;
			};
			name = Debug;
		};
		405D2236291270040019B07B /* Release */ = {
			isa = XCBuildConfiguration;
			buildSettings = {
				ALWAYS_EMBED_SWIFT_STANDARD_LIBRARIES = YES;
				CODE_SIGN_STYLE = Automatic;
				CURRENT_PROJECT_VERSION = 1;
				GENERATE_INFOPLIST_FILE = YES;
				MARKETING_VERSION = 1.0;
				PRODUCT_BUNDLE_IDENTIFIER = "kuetcse.tution-finderUITests";
				PRODUCT_NAME = "$(TARGET_NAME)";
				SWIFT_EMIT_LOC_STRINGS = NO;
				SWIFT_VERSION = 5.0;
				TARGETED_DEVICE_FAMILY = "1,2";
				TEST_TARGET_NAME = tution_finder;
			};
			name = Release;
		};
/* End XCBuildConfiguration section */

/* Begin XCConfigurationList section */
		405D21FF291270000019B07B /* Build configuration list for PBXProject "tution_finder" */ = {
			isa = XCConfigurationList;
			buildConfigurations = (
				405D222C291270040019B07B /* Debug */,
				405D222D291270040019B07B /* Release */,
			);
			defaultConfigurationIsVisible = 0;
			defaultConfigurationName = Release;
		};
		405D222E291270040019B07B /* Build configuration list for PBXNativeTarget "tution_finder" */ = {
			isa = XCConfigurationList;
			buildConfigurations = (
				405D222F291270040019B07B /* Debug */,
				405D2230291270040019B07B /* Release */,
			);
			defaultConfigurationIsVisible = 0;
			defaultConfigurationName = Release;
		};
		405D2231291270040019B07B /* Build configuration list for PBXNativeTarget "tution_finderTests" */ = {
			isa = XCConfigurationList;
			buildConfigurations = (
				405D2232291270040019B07B /* Debug */,
				405D2233291270040019B07B /* Release */,
			);
			defaultConfigurationIsVisible = 0;
			defaultConfigurationName = Release;
		};
		405D2234291270040019B07B /* Build configuration list for PBXNativeTarget "tution_finderUITests" */ = {
			isa = XCConfigurationList;
			buildConfigurations = (
				405D2235291270040019B07B /* Debug */,
				405D2236291270040019B07B /* Release */,
			);
			defaultConfigurationIsVisible = 0;
			defaultConfigurationName = Release;
		};
/* End XCConfigurationList section */
	};
	rootObject = 405D21FC291270000019B07B /* Project object */;
}
