// !$*UTF8*$!
{
	archiveVersion = 1;
	classes = {
	};
	objectVersion = 56;
	objects = {

/* Begin PBXBuildFile section */
		408C18FE293C9CC0002E0767 /* AppDelegate.swift in Sources */ = {isa = PBXBuildFile; fileRef = 408C18FD293C9CC0002E0767 /* AppDelegate.swift */; };
		408C1900293C9CC0002E0767 /* SceneDelegate.swift in Sources */ = {isa = PBXBuildFile; fileRef = 408C18FF293C9CC0002E0767 /* SceneDelegate.swift */; };
		408C1902293C9CC0002E0767 /* ViewController.swift in Sources */ = {isa = PBXBuildFile; fileRef = 408C1901293C9CC0002E0767 /* ViewController.swift */; };
		408C1905293C9CC0002E0767 /* Main.storyboard in Resources */ = {isa = PBXBuildFile; fileRef = 408C1903293C9CC0002E0767 /* Main.storyboard */; };
		408C1907293C9CC2002E0767 /* Assets.xcassets in Resources */ = {isa = PBXBuildFile; fileRef = 408C1906293C9CC2002E0767 /* Assets.xcassets */; };
		408C190A293C9CC2002E0767 /* LaunchScreen.storyboard in Resources */ = {isa = PBXBuildFile; fileRef = 408C1908293C9CC2002E0767 /* LaunchScreen.storyboard */; };
		408C1915293C9CC2002E0767 /* splash_screen_demoTests.swift in Sources */ = {isa = PBXBuildFile; fileRef = 408C1914293C9CC2002E0767 /* splash_screen_demoTests.swift */; };
		408C191F293C9CC2002E0767 /* splash_screen_demoUITests.swift in Sources */ = {isa = PBXBuildFile; fileRef = 408C191E293C9CC2002E0767 /* splash_screen_demoUITests.swift */; };
		408C1921293C9CC2002E0767 /* splash_screen_demoUITestsLaunchTests.swift in Sources */ = {isa = PBXBuildFile; fileRef = 408C1920293C9CC2002E0767 /* splash_screen_demoUITestsLaunchTests.swift */; };
/* End PBXBuildFile section */

/* Begin PBXContainerItemProxy section */
		408C1911293C9CC2002E0767 /* PBXContainerItemProxy */ = {
			isa = PBXContainerItemProxy;
			containerPortal = 408C18F2293C9CC0002E0767 /* Project object */;
			proxyType = 1;
			remoteGlobalIDString = 408C18F9293C9CC0002E0767;
			remoteInfo = splash_screen_demo;
		};
		408C191B293C9CC2002E0767 /* PBXContainerItemProxy */ = {
			isa = PBXContainerItemProxy;
			containerPortal = 408C18F2293C9CC0002E0767 /* Project object */;
			proxyType = 1;
			remoteGlobalIDString = 408C18F9293C9CC0002E0767;
			remoteInfo = splash_screen_demo;
		};
/* End PBXContainerItemProxy section */

/* Begin PBXFileReference section */
		408C18FA293C9CC0002E0767 /* splash_screen_demo.app */ = {isa = PBXFileReference; explicitFileType = wrapper.application; includeInIndex = 0; path = splash_screen_demo.app; sourceTree = BUILT_PRODUCTS_DIR; };
		408C18FD293C9CC0002E0767 /* AppDelegate.swift */ = {isa = PBXFileReference; lastKnownFileType = sourcecode.swift; path = AppDelegate.swift; sourceTree = "<group>"; };
		408C18FF293C9CC0002E0767 /* SceneDelegate.swift */ = {isa = PBXFileReference; lastKnownFileType = sourcecode.swift; path = SceneDelegate.swift; sourceTree = "<group>"; };
		408C1901293C9CC0002E0767 /* ViewController.swift */ = {isa = PBXFileReference; lastKnownFileType = sourcecode.swift; path = ViewController.swift; sourceTree = "<group>"; };
		408C1904293C9CC0002E0767 /* Base */ = {isa = PBXFileReference; lastKnownFileType = file.storyboard; name = Base; path = Base.lproj/Main.storyboard; sourceTree = "<group>"; };
		408C1906293C9CC2002E0767 /* Assets.xcassets */ = {isa = PBXFileReference; lastKnownFileType = folder.assetcatalog; path = Assets.xcassets; sourceTree = "<group>"; };
		408C1909293C9CC2002E0767 /* Base */ = {isa = PBXFileReference; lastKnownFileType = file.storyboard; name = Base; path = Base.lproj/LaunchScreen.storyboard; sourceTree = "<group>"; };
		408C190B293C9CC2002E0767 /* Info.plist */ = {isa = PBXFileReference; lastKnownFileType = text.plist.xml; path = Info.plist; sourceTree = "<group>"; };
		408C1910293C9CC2002E0767 /* splash_screen_demoTests.xctest */ = {isa = PBXFileReference; explicitFileType = wrapper.cfbundle; includeInIndex = 0; path = splash_screen_demoTests.xctest; sourceTree = BUILT_PRODUCTS_DIR; };
		408C1914293C9CC2002E0767 /* splash_screen_demoTests.swift */ = {isa = PBXFileReference; lastKnownFileType = sourcecode.swift; path = splash_screen_demoTests.swift; sourceTree = "<group>"; };
		408C191A293C9CC2002E0767 /* splash_screen_demoUITests.xctest */ = {isa = PBXFileReference; explicitFileType = wrapper.cfbundle; includeInIndex = 0; path = splash_screen_demoUITests.xctest; sourceTree = BUILT_PRODUCTS_DIR; };
		408C191E293C9CC2002E0767 /* splash_screen_demoUITests.swift */ = {isa = PBXFileReference; lastKnownFileType = sourcecode.swift; path = splash_screen_demoUITests.swift; sourceTree = "<group>"; };
		408C1920293C9CC2002E0767 /* splash_screen_demoUITestsLaunchTests.swift */ = {isa = PBXFileReference; lastKnownFileType = sourcecode.swift; path = splash_screen_demoUITestsLaunchTests.swift; sourceTree = "<group>"; };
/* End PBXFileReference section */

/* Begin PBXFrameworksBuildPhase section */
		408C18F7293C9CC0002E0767 /* Frameworks */ = {
			isa = PBXFrameworksBuildPhase;
			buildActionMask = 2147483647;
			files = (
			);
			runOnlyForDeploymentPostprocessing = 0;
		};
		408C190D293C9CC2002E0767 /* Frameworks */ = {
			isa = PBXFrameworksBuildPhase;
			buildActionMask = 2147483647;
			files = (
			);
			runOnlyForDeploymentPostprocessing = 0;
		};
		408C1917293C9CC2002E0767 /* Frameworks */ = {
			isa = PBXFrameworksBuildPhase;
			buildActionMask = 2147483647;
			files = (
			);
			runOnlyForDeploymentPostprocessing = 0;
		};
/* End PBXFrameworksBuildPhase section */

/* Begin PBXGroup section */
		408C18F1293C9CC0002E0767 = {
			isa = PBXGroup;
			children = (
				408C18FC293C9CC0002E0767 /* splash_screen_demo */,
				408C1913293C9CC2002E0767 /* splash_screen_demoTests */,
				408C191D293C9CC2002E0767 /* splash_screen_demoUITests */,
				408C18FB293C9CC0002E0767 /* Products */,
			);
			sourceTree = "<group>";
		};
		408C18FB293C9CC0002E0767 /* Products */ = {
			isa = PBXGroup;
			children = (
				408C18FA293C9CC0002E0767 /* splash_screen_demo.app */,
				408C1910293C9CC2002E0767 /* splash_screen_demoTests.xctest */,
				408C191A293C9CC2002E0767 /* splash_screen_demoUITests.xctest */,
			);
			name = Products;
			sourceTree = "<group>";
		};
		408C18FC293C9CC0002E0767 /* splash_screen_demo */ = {
			isa = PBXGroup;
			children = (
				408C18FD293C9CC0002E0767 /* AppDelegate.swift */,
				408C18FF293C9CC0002E0767 /* SceneDelegate.swift */,
				408C1901293C9CC0002E0767 /* ViewController.swift */,
				408C1903293C9CC0002E0767 /* Main.storyboard */,
				408C1906293C9CC2002E0767 /* Assets.xcassets */,
				408C1908293C9CC2002E0767 /* LaunchScreen.storyboard */,
				408C190B293C9CC2002E0767 /* Info.plist */,
			);
			path = splash_screen_demo;
			sourceTree = "<group>";
		};
		408C1913293C9CC2002E0767 /* splash_screen_demoTests */ = {
			isa = PBXGroup;
			children = (
				408C1914293C9CC2002E0767 /* splash_screen_demoTests.swift */,
			);
			path = splash_screen_demoTests;
			sourceTree = "<group>";
		};
		408C191D293C9CC2002E0767 /* splash_screen_demoUITests */ = {
			isa = PBXGroup;
			children = (
				408C191E293C9CC2002E0767 /* splash_screen_demoUITests.swift */,
				408C1920293C9CC2002E0767 /* splash_screen_demoUITestsLaunchTests.swift */,
			);
			path = splash_screen_demoUITests;
			sourceTree = "<group>";
		};
/* End PBXGroup section */

/* Begin PBXNativeTarget section */
		408C18F9293C9CC0002E0767 /* splash_screen_demo */ = {
			isa = PBXNativeTarget;
			buildConfigurationList = 408C1924293C9CC2002E0767 /* Build configuration list for PBXNativeTarget "splash_screen_demo" */;
			buildPhases = (
				408C18F6293C9CC0002E0767 /* Sources */,
				408C18F7293C9CC0002E0767 /* Frameworks */,
				408C18F8293C9CC0002E0767 /* Resources */,
			);
			buildRules = (
			);
			dependencies = (
			);
			name = splash_screen_demo;
			productName = splash_screen_demo;
			productReference = 408C18FA293C9CC0002E0767 /* splash_screen_demo.app */;
			productType = "com.apple.product-type.application";
		};
		408C190F293C9CC2002E0767 /* splash_screen_demoTests */ = {
			isa = PBXNativeTarget;
			buildConfigurationList = 408C1927293C9CC2002E0767 /* Build configuration list for PBXNativeTarget "splash_screen_demoTests" */;
			buildPhases = (
				408C190C293C9CC2002E0767 /* Sources */,
				408C190D293C9CC2002E0767 /* Frameworks */,
				408C190E293C9CC2002E0767 /* Resources */,
			);
			buildRules = (
			);
			dependencies = (
				408C1912293C9CC2002E0767 /* PBXTargetDependency */,
			);
			name = splash_screen_demoTests;
			productName = splash_screen_demoTests;
			productReference = 408C1910293C9CC2002E0767 /* splash_screen_demoTests.xctest */;
			productType = "com.apple.product-type.bundle.unit-test";
		};
		408C1919293C9CC2002E0767 /* splash_screen_demoUITests */ = {
			isa = PBXNativeTarget;
			buildConfigurationList = 408C192A293C9CC2002E0767 /* Build configuration list for PBXNativeTarget "splash_screen_demoUITests" */;
			buildPhases = (
				408C1916293C9CC2002E0767 /* Sources */,
				408C1917293C9CC2002E0767 /* Frameworks */,
				408C1918293C9CC2002E0767 /* Resources */,
			);
			buildRules = (
			);
			dependencies = (
				408C191C293C9CC2002E0767 /* PBXTargetDependency */,
			);
			name = splash_screen_demoUITests;
			productName = splash_screen_demoUITests;
			productReference = 408C191A293C9CC2002E0767 /* splash_screen_demoUITests.xctest */;
			productType = "com.apple.product-type.bundle.ui-testing";
		};
/* End PBXNativeTarget section */

/* Begin PBXProject section */
		408C18F2293C9CC0002E0767 /* Project object */ = {
			isa = PBXProject;
			attributes = {
				BuildIndependentTargetsInParallel = 1;
				LastSwiftUpdateCheck = 1410;
				LastUpgradeCheck = 1410;
				TargetAttributes = {
					408C18F9293C9CC0002E0767 = {
						CreatedOnToolsVersion = 14.1;
					};
					408C190F293C9CC2002E0767 = {
						CreatedOnToolsVersion = 14.1;
						TestTargetID = 408C18F9293C9CC0002E0767;
					};
					408C1919293C9CC2002E0767 = {
						CreatedOnToolsVersion = 14.1;
						TestTargetID = 408C18F9293C9CC0002E0767;
					};
				};
			};
			buildConfigurationList = 408C18F5293C9CC0002E0767 /* Build configuration list for PBXProject "splash_screen_demo" */;
			compatibilityVersion = "Xcode 14.0";
			developmentRegion = en;
			hasScannedForEncodings = 0;
			knownRegions = (
				en,
				Base,
			);
			mainGroup = 408C18F1293C9CC0002E0767;
			productRefGroup = 408C18FB293C9CC0002E0767 /* Products */;
			projectDirPath = "";
			projectRoot = "";
			targets = (
				408C18F9293C9CC0002E0767 /* splash_screen_demo */,
				408C190F293C9CC2002E0767 /* splash_screen_demoTests */,
				408C1919293C9CC2002E0767 /* splash_screen_demoUITests */,
			);
		};
/* End PBXProject section */

/* Begin PBXResourcesBuildPhase section */
		408C18F8293C9CC0002E0767 /* Resources */ = {
			isa = PBXResourcesBuildPhase;
			buildActionMask = 2147483647;
			files = (
				408C190A293C9CC2002E0767 /* LaunchScreen.storyboard in Resources */,
				408C1907293C9CC2002E0767 /* Assets.xcassets in Resources */,
				408C1905293C9CC0002E0767 /* Main.storyboard in Resources */,
			);
			runOnlyForDeploymentPostprocessing = 0;
		};
		408C190E293C9CC2002E0767 /* Resources */ = {
			isa = PBXResourcesBuildPhase;
			buildActionMask = 2147483647;
			files = (
			);
			runOnlyForDeploymentPostprocessing = 0;
		};
		408C1918293C9CC2002E0767 /* Resources */ = {
			isa = PBXResourcesBuildPhase;
			buildActionMask = 2147483647;
			files = (
			);
			runOnlyForDeploymentPostprocessing = 0;
		};
/* End PBXResourcesBuildPhase section */

/* Begin PBXSourcesBuildPhase section */
		408C18F6293C9CC0002E0767 /* Sources */ = {
			isa = PBXSourcesBuildPhase;
			buildActionMask = 2147483647;
			files = (
				408C1902293C9CC0002E0767 /* ViewController.swift in Sources */,
				408C18FE293C9CC0002E0767 /* AppDelegate.swift in Sources */,
				408C1900293C9CC0002E0767 /* SceneDelegate.swift in Sources */,
			);
			runOnlyForDeploymentPostprocessing = 0;
		};
		408C190C293C9CC2002E0767 /* Sources */ = {
			isa = PBXSourcesBuildPhase;
			buildActionMask = 2147483647;
			files = (
				408C1915293C9CC2002E0767 /* splash_screen_demoTests.swift in Sources */,
			);
			runOnlyForDeploymentPostprocessing = 0;
		};
		408C1916293C9CC2002E0767 /* Sources */ = {
			isa = PBXSourcesBuildPhase;
			buildActionMask = 2147483647;
			files = (
				408C1921293C9CC2002E0767 /* splash_screen_demoUITestsLaunchTests.swift in Sources */,
				408C191F293C9CC2002E0767 /* splash_screen_demoUITests.swift in Sources */,
			);
			runOnlyForDeploymentPostprocessing = 0;
		};
/* End PBXSourcesBuildPhase section */

/* Begin PBXTargetDependency section */
		408C1912293C9CC2002E0767 /* PBXTargetDependency */ = {
			isa = PBXTargetDependency;
			target = 408C18F9293C9CC0002E0767 /* splash_screen_demo */;
			targetProxy = 408C1911293C9CC2002E0767 /* PBXContainerItemProxy */;
		};
		408C191C293C9CC2002E0767 /* PBXTargetDependency */ = {
			isa = PBXTargetDependency;
			target = 408C18F9293C9CC0002E0767 /* splash_screen_demo */;
			targetProxy = 408C191B293C9CC2002E0767 /* PBXContainerItemProxy */;
		};
/* End PBXTargetDependency section */

/* Begin PBXVariantGroup section */
		408C1903293C9CC0002E0767 /* Main.storyboard */ = {
			isa = PBXVariantGroup;
			children = (
				408C1904293C9CC0002E0767 /* Base */,
			);
			name = Main.storyboard;
			sourceTree = "<group>";
		};
		408C1908293C9CC2002E0767 /* LaunchScreen.storyboard */ = {
			isa = PBXVariantGroup;
			children = (
				408C1909293C9CC2002E0767 /* Base */,
			);
			name = LaunchScreen.storyboard;
			sourceTree = "<group>";
		};
/* End PBXVariantGroup section */

/* Begin XCBuildConfiguration section */
		408C1922293C9CC2002E0767 /* Debug */ = {
			isa = XCBuildConfiguration;
			buildSettings = {
				ALWAYS_SEARCH_USER_PATHS = NO;
				CLANG_ANALYZER_NONNULL = YES;
				CLANG_ANALYZER_NUMBER_OBJECT_CONVERSION = YES_AGGRESSIVE;
				CLANG_CXX_LANGUAGE_STANDARD = "gnu++20";
				CLANG_ENABLE_MODULES = YES;
				CLANG_ENABLE_OBJC_ARC = YES;
				CLANG_ENABLE_OBJC_WEAK = YES;
				CLANG_WARN_BLOCK_CAPTURE_AUTORELEASING = YES;
				CLANG_WARN_BOOL_CONVERSION = YES;
				CLANG_WARN_COMMA = YES;
				CLANG_WARN_CONSTANT_CONVERSION = YES;
				CLANG_WARN_DEPRECATED_OBJC_IMPLEMENTATIONS = YES;
				CLANG_WARN_DIRECT_OBJC_ISA_USAGE = YES_ERROR;
				CLANG_WARN_DOCUMENTATION_COMMENTS = YES;
				CLANG_WARN_EMPTY_BODY = YES;
				CLANG_WARN_ENUM_CONVERSION = YES;
				CLANG_WARN_INFINITE_RECURSION = YES;
				CLANG_WARN_INT_CONVERSION = YES;
				CLANG_WARN_NON_LITERAL_NULL_CONVERSION = YES;
				CLANG_WARN_OBJC_IMPLICIT_RETAIN_SELF = YES;
				CLANG_WARN_OBJC_LITERAL_CONVERSION = YES;
				CLANG_WARN_OBJC_ROOT_CLASS = YES_ERROR;
				CLANG_WARN_QUOTED_INCLUDE_IN_FRAMEWORK_HEADER = YES;
				CLANG_WARN_RANGE_LOOP_ANALYSIS = YES;
				CLANG_WARN_STRICT_PROTOTYPES = YES;
				CLANG_WARN_SUSPICIOUS_MOVE = YES;
				CLANG_WARN_UNGUARDED_AVAILABILITY = YES_AGGRESSIVE;
				CLANG_WARN_UNREACHABLE_CODE = YES;
				CLANG_WARN__DUPLICATE_METHOD_MATCH = YES;
				COPY_PHASE_STRIP = NO;
				DEBUG_INFORMATION_FORMAT = dwarf;
				ENABLE_STRICT_OBJC_MSGSEND = YES;
				ENABLE_TESTABILITY = YES;
				GCC_C_LANGUAGE_STANDARD = gnu11;
				GCC_DYNAMIC_NO_PIC = NO;
				GCC_NO_COMMON_BLOCKS = YES;
				GCC_OPTIMIZATION_LEVEL = 0;
				GCC_PREPROCESSOR_DEFINITIONS = (
					"DEBUG=1",
					"$(inherited)",
				);
				GCC_WARN_64_TO_32_BIT_CONVERSION = YES;
				GCC_WARN_ABOUT_RETURN_TYPE = YES_ERROR;
				GCC_WARN_UNDECLARED_SELECTOR = YES;
				GCC_WARN_UNINITIALIZED_AUTOS = YES_AGGRESSIVE;
				GCC_WARN_UNUSED_FUNCTION = YES;
				GCC_WARN_UNUSED_VARIABLE = YES;
				IPHONEOS_DEPLOYMENT_TARGET = 16.1;
				MTL_ENABLE_DEBUG_INFO = INCLUDE_SOURCE;
				MTL_FAST_MATH = YES;
				ONLY_ACTIVE_ARCH = YES;
				SDKROOT = iphoneos;
				SWIFT_ACTIVE_COMPILATION_CONDITIONS = DEBUG;
				SWIFT_OPTIMIZATION_LEVEL = "-Onone";
			};
			name = Debug;
		};
		408C1923293C9CC2002E0767 /* Release */ = {
			isa = XCBuildConfiguration;
			buildSettings = {
				ALWAYS_SEARCH_USER_PATHS = NO;
				CLANG_ANALYZER_NONNULL = YES;
				CLANG_ANALYZER_NUMBER_OBJECT_CONVERSION = YES_AGGRESSIVE;
				CLANG_CXX_LANGUAGE_STANDARD = "gnu++20";
				CLANG_ENABLE_MODULES = YES;
				CLANG_ENABLE_OBJC_ARC = YES;
				CLANG_ENABLE_OBJC_WEAK = YES;
				CLANG_WARN_BLOCK_CAPTURE_AUTORELEASING = YES;
				CLANG_WARN_BOOL_CONVERSION = YES;
				CLANG_WARN_COMMA = YES;
				CLANG_WARN_CONSTANT_CONVERSION = YES;
				CLANG_WARN_DEPRECATED_OBJC_IMPLEMENTATIONS = YES;
				CLANG_WARN_DIRECT_OBJC_ISA_USAGE = YES_ERROR;
				CLANG_WARN_DOCUMENTATION_COMMENTS = YES;
				CLANG_WARN_EMPTY_BODY = YES;
				CLANG_WARN_ENUM_CONVERSION = YES;
				CLANG_WARN_INFINITE_RECURSION = YES;
				CLANG_WARN_INT_CONVERSION = YES;
				CLANG_WARN_NON_LITERAL_NULL_CONVERSION = YES;
				CLANG_WARN_OBJC_IMPLICIT_RETAIN_SELF = YES;
				CLANG_WARN_OBJC_LITERAL_CONVERSION = YES;
				CLANG_WARN_OBJC_ROOT_CLASS = YES_ERROR;
				CLANG_WARN_QUOTED_INCLUDE_IN_FRAMEWORK_HEADER = YES;
				CLANG_WARN_RANGE_LOOP_ANALYSIS = YES;
				CLANG_WARN_STRICT_PROTOTYPES = YES;
				CLANG_WARN_SUSPICIOUS_MOVE = YES;
				CLANG_WARN_UNGUARDED_AVAILABILITY = YES_AGGRESSIVE;
				CLANG_WARN_UNREACHABLE_CODE = YES;
				CLANG_WARN__DUPLICATE_METHOD_MATCH = YES;
				COPY_PHASE_STRIP = NO;
				DEBUG_INFORMATION_FORMAT = "dwarf-with-dsym";
				ENABLE_NS_ASSERTIONS = NO;
				ENABLE_STRICT_OBJC_MSGSEND = YES;
				GCC_C_LANGUAGE_STANDARD = gnu11;
				GCC_NO_COMMON_BLOCKS = YES;
				GCC_WARN_64_TO_32_BIT_CONVERSION = YES;
				GCC_WARN_ABOUT_RETURN_TYPE = YES_ERROR;
				GCC_WARN_UNDECLARED_SELECTOR = YES;
				GCC_WARN_UNINITIALIZED_AUTOS = YES_AGGRESSIVE;
				GCC_WARN_UNUSED_FUNCTION = YES;
				GCC_WARN_UNUSED_VARIABLE = YES;
				IPHONEOS_DEPLOYMENT_TARGET = 16.1;
				MTL_ENABLE_DEBUG_INFO = NO;
				MTL_FAST_MATH = YES;
				SDKROOT = iphoneos;
				SWIFT_COMPILATION_MODE = wholemodule;
				SWIFT_OPTIMIZATION_LEVEL = "-O";
				VALIDATE_PRODUCT = YES;
			};
			name = Release;
		};
		408C1925293C9CC2002E0767 /* Debug */ = {
			isa = XCBuildConfiguration;
			buildSettings = {
				ASSETCATALOG_COMPILER_APPICON_NAME = AppIcon;
				ASSETCATALOG_COMPILER_GLOBAL_ACCENT_COLOR_NAME = AccentColor;
				CODE_SIGN_STYLE = Automatic;
				CURRENT_PROJECT_VERSION = 1;
				GENERATE_INFOPLIST_FILE = YES;
				INFOPLIST_FILE = splash_screen_demo/Info.plist;
				INFOPLIST_KEY_UIApplicationSupportsIndirectInputEvents = YES;
				INFOPLIST_KEY_UILaunchStoryboardName = LaunchScreen;
				INFOPLIST_KEY_UIMainStoryboardFile = Main;
				INFOPLIST_KEY_UISupportedInterfaceOrientations_iPad = "UIInterfaceOrientationPortrait UIInterfaceOrientationPortraitUpsideDown UIInterfaceOrientationLandscapeLeft UIInterfaceOrientationLandscapeRight";
				INFOPLIST_KEY_UISupportedInterfaceOrientations_iPhone = "UIInterfaceOrientationPortrait UIInterfaceOrientationLandscapeLeft UIInterfaceOrientationLandscapeRight";
				LD_RUNPATH_SEARCH_PATHS = (
					"$(inherited)",
					"@executable_path/Frameworks",
				);
				MARKETING_VERSION = 1.0;
				PRODUCT_BUNDLE_IDENTIFIER = "com.kuet.splash-screen-demo";
				PRODUCT_NAME = "$(TARGET_NAME)";
				SWIFT_EMIT_LOC_STRINGS = YES;
				SWIFT_VERSION = 5.0;
				TARGETED_DEVICE_FAMILY = "1,2";
			};
			name = Debug;
		};
		408C1926293C9CC2002E0767 /* Release */ = {
			isa = XCBuildConfiguration;
			buildSettings = {
				ASSETCATALOG_COMPILER_APPICON_NAME = AppIcon;
				ASSETCATALOG_COMPILER_GLOBAL_ACCENT_COLOR_NAME = AccentColor;
				CODE_SIGN_STYLE = Automatic;
				CURRENT_PROJECT_VERSION = 1;
				GENERATE_INFOPLIST_FILE = YES;
				INFOPLIST_FILE = splash_screen_demo/Info.plist;
				INFOPLIST_KEY_UIApplicationSupportsIndirectInputEvents = YES;
				INFOPLIST_KEY_UILaunchStoryboardName = LaunchScreen;
				INFOPLIST_KEY_UIMainStoryboardFile = Main;
				INFOPLIST_KEY_UISupportedInterfaceOrientations_iPad = "UIInterfaceOrientationPortrait UIInterfaceOrientationPortraitUpsideDown UIInterfaceOrientationLandscapeLeft UIInterfaceOrientationLandscapeRight";
				INFOPLIST_KEY_UISupportedInterfaceOrientations_iPhone = "UIInterfaceOrientationPortrait UIInterfaceOrientationLandscapeLeft UIInterfaceOrientationLandscapeRight";
				LD_RUNPATH_SEARCH_PATHS = (
					"$(inherited)",
					"@executable_path/Frameworks",
				);
				MARKETING_VERSION = 1.0;
				PRODUCT_BUNDLE_IDENTIFIER = "com.kuet.splash-screen-demo";
				PRODUCT_NAME = "$(TARGET_NAME)";
				SWIFT_EMIT_LOC_STRINGS = YES;
				SWIFT_VERSION = 5.0;
				TARGETED_DEVICE_FAMILY = "1,2";
			};
			name = Release;
		};
		408C1928293C9CC2002E0767 /* Debug */ = {
			isa = XCBuildConfiguration;
			buildSettings = {
				ALWAYS_EMBED_SWIFT_STANDARD_LIBRARIES = YES;
				BUNDLE_LOADER = "$(TEST_HOST)";
				CODE_SIGN_STYLE = Automatic;
				CURRENT_PROJECT_VERSION = 1;
				GENERATE_INFOPLIST_FILE = YES;
				IPHONEOS_DEPLOYMENT_TARGET = 16.1;
				MARKETING_VERSION = 1.0;
				PRODUCT_BUNDLE_IDENTIFIER = "com.kuet.splash-screen-demoTests";
				PRODUCT_NAME = "$(TARGET_NAME)";
				SWIFT_EMIT_LOC_STRINGS = NO;
				SWIFT_VERSION = 5.0;
				TARGETED_DEVICE_FAMILY = "1,2";
				TEST_HOST = "$(BUILT_PRODUCTS_DIR)/splash_screen_demo.app/$(BUNDLE_EXECUTABLE_FOLDER_PATH)/splash_screen_demo";
			};
			name = Debug;
		};
		408C1929293C9CC2002E0767 /* Release */ = {
			isa = XCBuildConfiguration;
			buildSettings = {
				ALWAYS_EMBED_SWIFT_STANDARD_LIBRARIES = YES;
				BUNDLE_LOADER = "$(TEST_HOST)";
				CODE_SIGN_STYLE = Automatic;
				CURRENT_PROJECT_VERSION = 1;
				GENERATE_INFOPLIST_FILE = YES;
				IPHONEOS_DEPLOYMENT_TARGET = 16.1;
				MARKETING_VERSION = 1.0;
				PRODUCT_BUNDLE_IDENTIFIER = "com.kuet.splash-screen-demoTests";
				PRODUCT_NAME = "$(TARGET_NAME)";
				SWIFT_EMIT_LOC_STRINGS = NO;
				SWIFT_VERSION = 5.0;
				TARGETED_DEVICE_FAMILY = "1,2";
				TEST_HOST = "$(BUILT_PRODUCTS_DIR)/splash_screen_demo.app/$(BUNDLE_EXECUTABLE_FOLDER_PATH)/splash_screen_demo";
			};
			name = Release;
		};
		408C192B293C9CC2002E0767 /* Debug */ = {
			isa = XCBuildConfiguration;
			buildSettings = {
				ALWAYS_EMBED_SWIFT_STANDARD_LIBRARIES = YES;
				CODE_SIGN_STYLE = Automatic;
				CURRENT_PROJECT_VERSION = 1;
				GENERATE_INFOPLIST_FILE = YES;
				MARKETING_VERSION = 1.0;
				PRODUCT_BUNDLE_IDENTIFIER = "com.kuet.splash-screen-demoUITests";
				PRODUCT_NAME = "$(TARGET_NAME)";
				SWIFT_EMIT_LOC_STRINGS = NO;
				SWIFT_VERSION = 5.0;
				TARGETED_DEVICE_FAMILY = "1,2";
				TEST_TARGET_NAME = splash_screen_demo;
			};
			name = Debug;
		};
		408C192C293C9CC2002E0767 /* Release */ = {
			isa = XCBuildConfiguration;
			buildSettings = {
				ALWAYS_EMBED_SWIFT_STANDARD_LIBRARIES = YES;
				CODE_SIGN_STYLE = Automatic;
				CURRENT_PROJECT_VERSION = 1;
				GENERATE_INFOPLIST_FILE = YES;
				MARKETING_VERSION = 1.0;
				PRODUCT_BUNDLE_IDENTIFIER = "com.kuet.splash-screen-demoUITests";
				PRODUCT_NAME = "$(TARGET_NAME)";
				SWIFT_EMIT_LOC_STRINGS = NO;
				SWIFT_VERSION = 5.0;
				TARGETED_DEVICE_FAMILY = "1,2";
				TEST_TARGET_NAME = splash_screen_demo;
			};
			name = Release;
		};
/* End XCBuildConfiguration section */

/* Begin XCConfigurationList section */
		408C18F5293C9CC0002E0767 /* Build configuration list for PBXProject "splash_screen_demo" */ = {
			isa = XCConfigurationList;
			buildConfigurations = (
				408C1922293C9CC2002E0767 /* Debug */,
				408C1923293C9CC2002E0767 /* Release */,
			);
			defaultConfigurationIsVisible = 0;
			defaultConfigurationName = Release;
		};
		408C1924293C9CC2002E0767 /* Build configuration list for PBXNativeTarget "splash_screen_demo" */ = {
			isa = XCConfigurationList;
			buildConfigurations = (
				408C1925293C9CC2002E0767 /* Debug */,
				408C1926293C9CC2002E0767 /* Release */,
			);
			defaultConfigurationIsVisible = 0;
			defaultConfigurationName = Release;
		};
		408C1927293C9CC2002E0767 /* Build configuration list for PBXNativeTarget "splash_screen_demoTests" */ = {
			isa = XCConfigurationList;
			buildConfigurations = (
				408C1928293C9CC2002E0767 /* Debug */,
				408C1929293C9CC2002E0767 /* Release */,
			);
			defaultConfigurationIsVisible = 0;
			defaultConfigurationName = Release;
		};
		408C192A293C9CC2002E0767 /* Build configuration list for PBXNativeTarget "splash_screen_demoUITests" */ = {
			isa = XCConfigurationList;
			buildConfigurations = (
				408C192B293C9CC2002E0767 /* Debug */,
				408C192C293C9CC2002E0767 /* Release */,
			);
			defaultConfigurationIsVisible = 0;
			defaultConfigurationName = Release;
		};
/* End XCConfigurationList section */
	};
	rootObject = 408C18F2293C9CC0002E0767 /* Project object */;
}
